// !$*UTF8*$!
{
	archiveVersion = 1;
	classes = {
	};
	objectVersion = 46;
	objects = {

/* Begin PBXBuildFile section */
		ABDA4B6B1E4F7EC000D3225C /* AppDelegate.swift in Sources */ = {isa = PBXBuildFile; fileRef = ABDA4B6A1E4F7EC000D3225C /* AppDelegate.swift */; };
		ABDA4B6D1E4F7EC000D3225C /* ViewController.swift in Sources */ = {isa = PBXBuildFile; fileRef = ABDA4B6C1E4F7EC000D3225C /* ViewController.swift */; };
		ABDA4B6F1E4F7EC000D3225C /* Assets.xcassets in Resources */ = {isa = PBXBuildFile; fileRef = ABDA4B6E1E4F7EC000D3225C /* Assets.xcassets */; };
		ABDA4B721E4F7EC000D3225C /* Main.storyboard in Resources */ = {isa = PBXBuildFile; fileRef = ABDA4B701E4F7EC000D3225C /* Main.storyboard */; };
		ABDA4B7D1E4F7EC000D3225C /* ReasonsTests.swift in Sources */ = {isa = PBXBuildFile; fileRef = ABDA4B7C1E4F7EC000D3225C /* ReasonsTests.swift */; };
		ABDA4B8C1E4F906200D3225C /* Item.swift in Sources */ = {isa = PBXBuildFile; fileRef = ABDA4B8B1E4F906200D3225C /* Item.swift */; };
		ABDA4B8E1E4F917900D3225C /* IOJSON.swift in Sources */ = {isa = PBXBuildFile; fileRef = ABDA4B8D1E4F917900D3225C /* IOJSON.swift */; };
		ABDA4B901E4F926B00D3225C /* Error.swift in Sources */ = {isa = PBXBuildFile; fileRef = ABDA4B8F1E4F926B00D3225C /* Error.swift */; };
		ABDA4B921E4FC96A00D3225C /* ManagerData.swift in Sources */ = {isa = PBXBuildFile; fileRef = ABDA4B911E4FC96A00D3225C /* ManagerData.swift */; };
		ABDA4B941E501E4F00D3225C /* items.json in Resources */ = {isa = PBXBuildFile; fileRef = ABDA4B931E501E4F00D3225C /* items.json */; };
		ABDA4B991E51772100D3225C /* bgm.mp3 in Resources */ = {isa = PBXBuildFile; fileRef = ABDA4B981E51772100D3225C /* bgm.mp3 */; };
		ABDA4B9B1E5178EA00D3225C /* ManagerBGM.swift in Sources */ = {isa = PBXBuildFile; fileRef = ABDA4B9A1E5178EA00D3225C /* ManagerBGM.swift */; };
		ABDA4B9E1E5179B500D3225C /* AVFoundation.framework in Frameworks */ = {isa = PBXBuildFile; fileRef = ABDA4B9D1E5179B500D3225C /* AVFoundation.framework */; };
/* End PBXBuildFile section */

/* Begin PBXContainerItemProxy section */
		ABDA4B791E4F7EC000D3225C /* PBXContainerItemProxy */ = {
			isa = PBXContainerItemProxy;
			containerPortal = ABDA4B5F1E4F7EC000D3225C /* Project object */;
			proxyType = 1;
			remoteGlobalIDString = ABDA4B661E4F7EC000D3225C;
			remoteInfo = Reasons;
		};
/* End PBXContainerItemProxy section */

/* Begin PBXFileReference section */
		ABDA4B671E4F7EC000D3225C /* Reasons.app */ = {isa = PBXFileReference; explicitFileType = wrapper.application; includeInIndex = 0; path = Reasons.app; sourceTree = BUILT_PRODUCTS_DIR; };
		ABDA4B6A1E4F7EC000D3225C /* AppDelegate.swift */ = {isa = PBXFileReference; lastKnownFileType = sourcecode.swift; path = AppDelegate.swift; sourceTree = "<group>"; };
		ABDA4B6C1E4F7EC000D3225C /* ViewController.swift */ = {isa = PBXFileReference; lastKnownFileType = sourcecode.swift; path = ViewController.swift; sourceTree = "<group>"; };
		ABDA4B6E1E4F7EC000D3225C /* Assets.xcassets */ = {isa = PBXFileReference; lastKnownFileType = folder.assetcatalog; path = Assets.xcassets; sourceTree = "<group>"; };
		ABDA4B711E4F7EC000D3225C /* Base */ = {isa = PBXFileReference; lastKnownFileType = file.storyboard; name = Base; path = Base.lproj/Main.storyboard; sourceTree = "<group>"; };
		ABDA4B731E4F7EC000D3225C /* Info.plist */ = {isa = PBXFileReference; lastKnownFileType = text.plist.xml; path = Info.plist; sourceTree = "<group>"; };
		ABDA4B781E4F7EC000D3225C /* ReasonsTests.xctest */ = {isa = PBXFileReference; explicitFileType = wrapper.cfbundle; includeInIndex = 0; path = ReasonsTests.xctest; sourceTree = BUILT_PRODUCTS_DIR; };
		ABDA4B7C1E4F7EC000D3225C /* ReasonsTests.swift */ = {isa = PBXFileReference; lastKnownFileType = sourcecode.swift; path = ReasonsTests.swift; sourceTree = "<group>"; };
		ABDA4B7E1E4F7EC000D3225C /* Info.plist */ = {isa = PBXFileReference; lastKnownFileType = text.plist.xml; path = Info.plist; sourceTree = "<group>"; };
		ABDA4B8B1E4F906200D3225C /* Item.swift */ = {isa = PBXFileReference; fileEncoding = 4; lastKnownFileType = sourcecode.swift; path = Item.swift; sourceTree = "<group>"; };
		ABDA4B8D1E4F917900D3225C /* IOJSON.swift */ = {isa = PBXFileReference; fileEncoding = 4; lastKnownFileType = sourcecode.swift; path = IOJSON.swift; sourceTree = "<group>"; };
		ABDA4B8F1E4F926B00D3225C /* Error.swift */ = {isa = PBXFileReference; fileEncoding = 4; lastKnownFileType = sourcecode.swift; path = Error.swift; sourceTree = "<group>"; };
		ABDA4B911E4FC96A00D3225C /* ManagerData.swift */ = {isa = PBXFileReference; fileEncoding = 4; lastKnownFileType = sourcecode.swift; path = ManagerData.swift; sourceTree = "<group>"; };
		ABDA4B931E501E4F00D3225C /* items.json */ = {isa = PBXFileReference; fileEncoding = 4; lastKnownFileType = text.json; path = items.json; sourceTree = "<group>"; };
		ABDA4B951E508F5800D3225C /* zh-Hans */ = {isa = PBXFileReference; lastKnownFileType = text.plist.strings; name = "zh-Hans"; path = "zh-Hans.lproj/Main.strings"; sourceTree = "<group>"; };
		ABDA4B981E51772100D3225C /* bgm.mp3 */ = {isa = PBXFileReference; lastKnownFileType = audio.mp3; name = bgm.mp3; path = Edit/bgm.mp3; sourceTree = SOURCE_ROOT; };
		ABDA4B9A1E5178EA00D3225C /* ManagerBGM.swift */ = {isa = PBXFileReference; fileEncoding = 4; lastKnownFileType = sourcecode.swift; path = ManagerBGM.swift; sourceTree = "<group>"; };
		ABDA4B9D1E5179B500D3225C /* AVFoundation.framework */ = {isa = PBXFileReference; lastKnownFileType = wrapper.framework; name = AVFoundation.framework; path = System/Library/Frameworks/AVFoundation.framework; sourceTree = SDKROOT; };
/* End PBXFileReference section */

/* Begin PBXFrameworksBuildPhase section */
		ABDA4B641E4F7EC000D3225C /* Frameworks */ = {
			isa = PBXFrameworksBuildPhase;
			buildActionMask = 2147483647;
			files = (
				ABDA4B9E1E5179B500D3225C /* AVFoundation.framework in Frameworks */,
			);
			runOnlyForDeploymentPostprocessing = 0;
		};
		ABDA4B751E4F7EC000D3225C /* Frameworks */ = {
			isa = PBXFrameworksBuildPhase;
			buildActionMask = 2147483647;
			files = (
			);
			runOnlyForDeploymentPostprocessing = 0;
		};
/* End PBXFrameworksBuildPhase section */

/* Begin PBXGroup section */
		ABDA4B5E1E4F7EC000D3225C = {
			isa = PBXGroup;
			children = (
				ABDA4B691E4F7EC000D3225C /* Reasons */,
				ABDA4B7B1E4F7EC000D3225C /* ReasonsTests */,
				ABDA4B681E4F7EC000D3225C /* Products */,
				ABDA4B9C1E5179B500D3225C /* Frameworks */,
			);
			sourceTree = "<group>";
		};
		ABDA4B681E4F7EC000D3225C /* Products */ = {
			isa = PBXGroup;
			children = (
				ABDA4B671E4F7EC000D3225C /* Reasons.app */,
				ABDA4B781E4F7EC000D3225C /* ReasonsTests.xctest */,
			);
			name = Products;
			sourceTree = "<group>";
		};
		ABDA4B691E4F7EC000D3225C /* Reasons */ = {
			isa = PBXGroup;
			children = (
				ABDA4B981E51772100D3225C /* bgm.mp3 */,
				ABDA4B931E501E4F00D3225C /* items.json */,
				ABDA4B881E4F8AE700D3225C /* Service */,
				ABDA4B871E4F8AE100D3225C /* Model */,
				ABDA4B6A1E4F7EC000D3225C /* AppDelegate.swift */,
				ABDA4B6C1E4F7EC000D3225C /* ViewController.swift */,
				ABDA4B6E1E4F7EC000D3225C /* Assets.xcassets */,
				ABDA4B701E4F7EC000D3225C /* Main.storyboard */,
				ABDA4B731E4F7EC000D3225C /* Info.plist */,
			);
			path = Reasons;
			sourceTree = "<group>";
		};
		ABDA4B7B1E4F7EC000D3225C /* ReasonsTests */ = {
			isa = PBXGroup;
			children = (
				ABDA4B7C1E4F7EC000D3225C /* ReasonsTests.swift */,
				ABDA4B7E1E4F7EC000D3225C /* Info.plist */,
			);
			path = ReasonsTests;
			sourceTree = "<group>";
		};
		ABDA4B871E4F8AE100D3225C /* Model */ = {
			isa = PBXGroup;
			children = (
				ABDA4B8B1E4F906200D3225C /* Item.swift */,
			);
			name = Model;
			sourceTree = "<group>";
		};
		ABDA4B881E4F8AE700D3225C /* Service */ = {
			isa = PBXGroup;
			children = (
				ABDA4B8D1E4F917900D3225C /* IOJSON.swift */,
				ABDA4B8F1E4F926B00D3225C /* Error.swift */,
				ABDA4B911E4FC96A00D3225C /* ManagerData.swift */,
				ABDA4B9A1E5178EA00D3225C /* ManagerBGM.swift */,
			);
			name = Service;
			sourceTree = "<group>";
		};
		ABDA4B9C1E5179B500D3225C /* Frameworks */ = {
			isa = PBXGroup;
			children = (
				ABDA4B9D1E5179B500D3225C /* AVFoundation.framework */,
			);
			name = Frameworks;
			sourceTree = "<group>";
		};
/* End PBXGroup section */

/* Begin PBXNativeTarget section */
		ABDA4B661E4F7EC000D3225C /* Reasons */ = {
			isa = PBXNativeTarget;
			buildConfigurationList = ABDA4B811E4F7EC000D3225C /* Build configuration list for PBXNativeTarget "Reasons" */;
			buildPhases = (
				ABDA4B631E4F7EC000D3225C /* Sources */,
				ABDA4B641E4F7EC000D3225C /* Frameworks */,
				ABDA4B651E4F7EC000D3225C /* Resources */,
				ABDA4B971E51539200D3225C /* ShellScript */,
			);
			buildRules = (
			);
			dependencies = (
			);
			name = Reasons;
			productName = Reasons;
			productReference = ABDA4B671E4F7EC000D3225C /* Reasons.app */;
			productType = "com.apple.product-type.application";
		};
		ABDA4B771E4F7EC000D3225C /* ReasonsTests */ = {
			isa = PBXNativeTarget;
			buildConfigurationList = ABDA4B841E4F7EC000D3225C /* Build configuration list for PBXNativeTarget "ReasonsTests" */;
			buildPhases = (
				ABDA4B741E4F7EC000D3225C /* Sources */,
				ABDA4B751E4F7EC000D3225C /* Frameworks */,
				ABDA4B761E4F7EC000D3225C /* Resources */,
			);
			buildRules = (
			);
			dependencies = (
				ABDA4B7A1E4F7EC000D3225C /* PBXTargetDependency */,
			);
			name = ReasonsTests;
			productName = ReasonsTests;
			productReference = ABDA4B781E4F7EC000D3225C /* ReasonsTests.xctest */;
			productType = "com.apple.product-type.bundle.unit-test";
		};
/* End PBXNativeTarget section */

/* Begin PBXProject section */
		ABDA4B5F1E4F7EC000D3225C /* Project object */ = {
			isa = PBXProject;
			attributes = {
				LastSwiftUpdateCheck = 0820;
				LastUpgradeCheck = 0820;
				ORGANIZATIONNAME = geekmouse;
				TargetAttributes = {
					ABDA4B661E4F7EC000D3225C = {
						CreatedOnToolsVersion = 8.2.1;
						DevelopmentTeam = 34JYY8BQ79;
						ProvisioningStyle = Automatic;
					};
					ABDA4B771E4F7EC000D3225C = {
						CreatedOnToolsVersion = 8.2.1;
						DevelopmentTeam = 34JYY8BQ79;
						ProvisioningStyle = Automatic;
						TestTargetID = ABDA4B661E4F7EC000D3225C;
					};
				};
			};
			buildConfigurationList = ABDA4B621E4F7EC000D3225C /* Build configuration list for PBXProject "Reasons" */;
			compatibilityVersion = "Xcode 3.2";
			developmentRegion = English;
			hasScannedForEncodings = 0;
			knownRegions = (
				en,
				Base,
			);
			mainGroup = ABDA4B5E1E4F7EC000D3225C;
			productRefGroup = ABDA4B681E4F7EC000D3225C /* Products */;
			projectDirPath = "";
			projectRoot = "";
			targets = (
				ABDA4B661E4F7EC000D3225C /* Reasons */,
				ABDA4B771E4F7EC000D3225C /* ReasonsTests */,
			);
		};
/* End PBXProject section */

/* Begin PBXResourcesBuildPhase section */
		ABDA4B651E4F7EC000D3225C /* Resources */ = {
			isa = PBXResourcesBuildPhase;
			buildActionMask = 2147483647;
			files = (
				ABDA4B6F1E4F7EC000D3225C /* Assets.xcassets in Resources */,
				ABDA4B721E4F7EC000D3225C /* Main.storyboard in Resources */,
				ABDA4B941E501E4F00D3225C /* items.json in Resources */,
				ABDA4B991E51772100D3225C /* bgm.mp3 in Resources */,
			);
			runOnlyForDeploymentPostprocessing = 0;
		};
		ABDA4B761E4F7EC000D3225C /* Resources */ = {
			isa = PBXResourcesBuildPhase;
			buildActionMask = 2147483647;
			files = (
			);
			runOnlyForDeploymentPostprocessing = 0;
		};
/* End PBXResourcesBuildPhase section */

/* Begin PBXShellScriptBuildPhase section */
		ABDA4B971E51539200D3225C /* ShellScript */ = {
			isa = PBXShellScriptBuildPhase;
			buildActionMask = 2147483647;
			files = (
			);
			inputPaths = (
			);
			outputPaths = (
			);
			runOnlyForDeploymentPostprocessing = 0;
			shellPath = /bin/sh;
			shellScript = "";
		};
/* End PBXShellScriptBuildPhase section */

/* Begin PBXSourcesBuildPhase section */
		ABDA4B631E4F7EC000D3225C /* Sources */ = {
			isa = PBXSourcesBuildPhase;
			buildActionMask = 2147483647;
			files = (
				ABDA4B921E4FC96A00D3225C /* ManagerData.swift in Sources */,
				ABDA4B8E1E4F917900D3225C /* IOJSON.swift in Sources */,
				ABDA4B6D1E4F7EC000D3225C /* ViewController.swift in Sources */,
				ABDA4B9B1E5178EA00D3225C /* ManagerBGM.swift in Sources */,
				ABDA4B8C1E4F906200D3225C /* Item.swift in Sources */,
				ABDA4B901E4F926B00D3225C /* Error.swift in Sources */,
				ABDA4B6B1E4F7EC000D3225C /* AppDelegate.swift in Sources */,
			);
			runOnlyForDeploymentPostprocessing = 0;
		};
		ABDA4B741E4F7EC000D3225C /* Sources */ = {
			isa = PBXSourcesBuildPhase;
			buildActionMask = 2147483647;
			files = (
				ABDA4B7D1E4F7EC000D3225C /* ReasonsTests.swift in Sources */,
			);
			runOnlyForDeploymentPostprocessing = 0;
		};
/* End PBXSourcesBuildPhase section */

/* Begin PBXTargetDependency section */
		ABDA4B7A1E4F7EC000D3225C /* PBXTargetDependency */ = {
			isa = PBXTargetDependency;
			target = ABDA4B661E4F7EC000D3225C /* Reasons */;
			targetProxy = ABDA4B791E4F7EC000D3225C /* PBXContainerItemProxy */;
		};
/* End PBXTargetDependency section */

/* Begin PBXVariantGroup section */
		ABDA4B701E4F7EC000D3225C /* Main.storyboard */ = {
			isa = PBXVariantGroup;
			children = (
				ABDA4B711E4F7EC000D3225C /* Base */,
				ABDA4B951E508F5800D3225C /* zh-Hans */,
			);
			name = Main.storyboard;
			sourceTree = "<group>";
		};
/* End PBXVariantGroup section */

/* Begin XCBuildConfiguration section */
		ABDA4B7F1E4F7EC000D3225C /* Debug */ = {
			isa = XCBuildConfiguration;
			buildSettings = {
				ALWAYS_SEARCH_USER_PATHS = NO;
				CLANG_ANALYZER_LOCALIZABILITY_NONLOCALIZED = YES;
				CLANG_ANALYZER_NONNULL = YES;
				CLANG_CXX_LANGUAGE_STANDARD = "gnu++0x";
				CLANG_CXX_LIBRARY = "libc++";
				CLANG_ENABLE_MODULES = YES;
				CLANG_ENABLE_OBJC_ARC = YES;
				CLANG_WARN_BOOL_CONVERSION = YES;
				CLANG_WARN_CONSTANT_CONVERSION = YES;
				CLANG_WARN_DIRECT_OBJC_ISA_USAGE = YES_ERROR;
				CLANG_WARN_DOCUMENTATION_COMMENTS = YES;
				CLANG_WARN_EMPTY_BODY = YES;
				CLANG_WARN_ENUM_CONVERSION = YES;
				CLANG_WARN_INFINITE_RECURSION = YES;
				CLANG_WARN_INT_CONVERSION = YES;
				CLANG_WARN_OBJC_ROOT_CLASS = YES_ERROR;
				CLANG_WARN_SUSPICIOUS_MOVE = YES;
				CLANG_WARN_UNREACHABLE_CODE = YES;
				CLANG_WARN__DUPLICATE_METHOD_MATCH = YES;
				CODE_SIGN_IDENTITY = "-";
				COPY_PHASE_STRIP = NO;
				DEBUG_INFORMATION_FORMAT = dwarf;
				ENABLE_STRICT_OBJC_MSGSEND = YES;
				ENABLE_TESTABILITY = YES;
				GCC_C_LANGUAGE_STANDARD = gnu99;
				GCC_DYNAMIC_NO_PIC = NO;
				GCC_NO_COMMON_BLOCKS = YES;
				GCC_OPTIMIZATION_LEVEL = 0;
				GCC_PREPROCESSOR_DEFINITIONS = (
					"DEBUG=1",
					"$(inherited)",
				);
				GCC_WARN_64_TO_32_BIT_CONVERSION = YES;
				GCC_WARN_ABOUT_RETURN_TYPE = YES_ERROR;
				GCC_WARN_UNDECLARED_SELECTOR = YES;
				GCC_WARN_UNINITIALIZED_AUTOS = YES_AGGRESSIVE;
				GCC_WARN_UNUSED_FUNCTION = YES;
				GCC_WARN_UNUSED_VARIABLE = YES;
				MACOSX_DEPLOYMENT_TARGET = 10.12;
				MTL_ENABLE_DEBUG_INFO = YES;
				ONLY_ACTIVE_ARCH = YES;
				SDKROOT = macosx;
				SWIFT_ACTIVE_COMPILATION_CONDITIONS = DEBUG;
				SWIFT_OPTIMIZATION_LEVEL = "-Onone";
			};
			name = Debug;
		};
		ABDA4B801E4F7EC000D3225C /* Release */ = {
			isa = XCBuildConfiguration;
			buildSettings = {
				ALWAYS_SEARCH_USER_PATHS = NO;
				CLANG_ANALYZER_LOCALIZABILITY_NONLOCALIZED = YES;
				CLANG_ANALYZER_NONNULL = YES;
				CLANG_CXX_LANGUAGE_STANDARD = "gnu++0x";
				CLANG_CXX_LIBRARY = "libc++";
				CLANG_ENABLE_MODULES = YES;
				CLANG_ENABLE_OBJC_ARC = YES;
				CLANG_WARN_BOOL_CONVERSION = YES;
				CLANG_WARN_CONSTANT_CONVERSION = YES;
				CLANG_WARN_DIRECT_OBJC_ISA_USAGE = YES_ERROR;
				CLANG_WARN_DOCUMENTATION_COMMENTS = YES;
				CLANG_WARN_EMPTY_BODY = YES;
				CLANG_WARN_ENUM_CONVERSION = YES;
				CLANG_WARN_INFINITE_RECURSION = YES;
				CLANG_WARN_INT_CONVERSION = YES;
				CLANG_WARN_OBJC_ROOT_CLASS = YES_ERROR;
				CLANG_WARN_SUSPICIOUS_MOVE = YES;
				CLANG_WARN_UNREACHABLE_CODE = YES;
				CLANG_WARN__DUPLICATE_METHOD_MATCH = YES;
				CODE_SIGN_IDENTITY = "-";
				COPY_PHASE_STRIP = NO;
				DEBUG_INFORMATION_FORMAT = "dwarf-with-dsym";
				ENABLE_NS_ASSERTIONS = NO;
				ENABLE_STRICT_OBJC_MSGSEND = YES;
				GCC_C_LANGUAGE_STANDARD = gnu99;
				GCC_NO_COMMON_BLOCKS = YES;
				GCC_WARN_64_TO_32_BIT_CONVERSION = YES;
				GCC_WARN_ABOUT_RETURN_TYPE = YES_ERROR;
				GCC_WARN_UNDECLARED_SELECTOR = YES;
				GCC_WARN_UNINITIALIZED_AUTOS = YES_AGGRESSIVE;
				GCC_WARN_UNUSED_FUNCTION = YES;
				GCC_WARN_UNUSED_VARIABLE = YES;
				MACOSX_DEPLOYMENT_TARGET = 10.12;
				MTL_ENABLE_DEBUG_INFO = NO;
				SDKROOT = macosx;
				SWIFT_OPTIMIZATION_LEVEL = "-Owholemodule";
			};
			name = Release;
		};
		ABDA4B821E4F7EC000D3225C /* Debug */ = {
			isa = XCBuildConfiguration;
			buildSettings = {
				ASSETCATALOG_COMPILER_APPICON_NAME = AppIcon;
				COMBINE_HIDPI_IMAGES = YES;
				DEVELOPMENT_TEAM = 34JYY8BQ79;
				INFOPLIST_FILE = Reasons/Info.plist;
				LD_RUNPATH_SEARCH_PATHS = "$(inherited) @executable_path/../Frameworks";
				PRODUCT_BUNDLE_IDENTIFIER = com.geekmouse.Reasons;
				PRODUCT_NAME = "$(TARGET_NAME)";
				SWIFT_VERSION = 3.0;
			};
			name = Debug;
		};
		ABDA4B831E4F7EC000D3225C /* Release */ = {
			isa = XCBuildConfiguration;
			buildSettings = {
				ASSETCATALOG_COMPILER_APPICON_NAME = AppIcon;
				COMBINE_HIDPI_IMAGES = YES;
				DEVELOPMENT_TEAM = 34JYY8BQ79;
				INFOPLIST_FILE = Reasons/Info.plist;
				LD_RUNPATH_SEARCH_PATHS = "$(inherited) @executable_path/../Frameworks";
				PRODUCT_BUNDLE_IDENTIFIER = com.geekmouse.Reasons;
				PRODUCT_NAME = "$(TARGET_NAME)";
				SWIFT_VERSION = 3.0;
			};
			name = Release;
		};
		ABDA4B851E4F7EC000D3225C /* Debug */ = {
			isa = XCBuildConfiguration;
			buildSettings = {
				ALWAYS_EMBED_SWIFT_STANDARD_LIBRARIES = YES;
				BUNDLE_LOADER = "$(TEST_HOST)";
				COMBINE_HIDPI_IMAGES = YES;
				DEVELOPMENT_TEAM = 34JYY8BQ79;
				INFOPLIST_FILE = ReasonsTests/Info.plist;
				LD_RUNPATH_SEARCH_PATHS = "$(inherited) @executable_path/../Frameworks @loader_path/../Frameworks";
				PRODUCT_BUNDLE_IDENTIFIER = com.geekmouse.ReasonsTests;
				PRODUCT_NAME = "$(TARGET_NAME)";
				SWIFT_VERSION = 3.0;
				TEST_HOST = "$(BUILT_PRODUCTS_DIR)/Reasons.app/Contents/MacOS/Reasons";
			};
			name = Debug;
		};
		ABDA4B861E4F7EC000D3225C /* Release */ = {
			isa = XCBuildConfiguration;
			buildSettings = {
				ALWAYS_EMBED_SWIFT_STANDARD_LIBRARIES = YES;
				BUNDLE_LOADER = "$(TEST_HOST)";
				COMBINE_HIDPI_IMAGES = YES;
				DEVELOPMENT_TEAM = 34JYY8BQ79;
				INFOPLIST_FILE = ReasonsTests/Info.plist;
				LD_RUNPATH_SEARCH_PATHS = "$(inherited) @executable_path/../Frameworks @loader_path/../Frameworks";
				PRODUCT_BUNDLE_IDENTIFIER = com.geekmouse.ReasonsTests;
				PRODUCT_NAME = "$(TARGET_NAME)";
				SWIFT_VERSION = 3.0;
				TEST_HOST = "$(BUILT_PRODUCTS_DIR)/Reasons.app/Contents/MacOS/Reasons";
			};
			name = Release;
		};
/* End XCBuildConfiguration section */

/* Begin XCConfigurationList section */
		ABDA4B621E4F7EC000D3225C /* Build configuration list for PBXProject "Reasons" */ = {
			isa = XCConfigurationList;
			buildConfigurations = (
				ABDA4B7F1E4F7EC000D3225C /* Debug */,
				ABDA4B801E4F7EC000D3225C /* Release */,
			);
			defaultConfigurationIsVisible = 0;
			defaultConfigurationName = Release;
		};
		ABDA4B811E4F7EC000D3225C /* Build configuration list for PBXNativeTarget "Reasons" */ = {
			isa = XCConfigurationList;
			buildConfigurations = (
				ABDA4B821E4F7EC000D3225C /* Debug */,
				ABDA4B831E4F7EC000D3225C /* Release */,
			);
			defaultConfigurationIsVisible = 0;
			defaultConfigurationName = Release;
		};
		ABDA4B841E4F7EC000D3225C /* Build configuration list for PBXNativeTarget "ReasonsTests" */ = {
			isa = XCConfigurationList;
			buildConfigurations = (
				ABDA4B851E4F7EC000D3225C /* Debug */,
				ABDA4B861E4F7EC000D3225C /* Release */,
			);
			defaultConfigurationIsVisible = 0;
			defaultConfigurationName = Release;
		};
/* End XCConfigurationList section */
	};
	rootObject = ABDA4B5F1E4F7EC000D3225C /* Project object */;
}
